
Microsoft Visual Studio Solution File, Format Version 12.00
# Visual Studio Version 17
VisualStudioVersion = 17.0.32014.148
MinimumVisualStudioVersion = 10.0.40219.1
Project("{FAE04EC0-301F-11D3-BF4B-00C04F79EFBC}") = "Week2Day3Demos", "Week2Day3Demos\Week2Day3Demos.csproj", "{ECC0937C-7AD7-4EE0-BCA7-C9B522862EEC}"
EndProject
Global
	GlobalSection(SolutionConfigurationPlatforms) = preSolution
		Debug|Any CPU = Debug|Any CPU
		Release|Any CPU = Release|Any CPU
	EndGlobalSection
	GlobalSection(ProjectConfigurationPlatforms) = postSolution
		{ECC0937C-7AD7-4EE0-BCA7-C9B522862EEC}.Debug|Any CPU.ActiveCfg = Debug|Any CPU
		{ECC0937C-7AD7-4EE0-BCA7-C9B522862EEC}.Debug|Any CPU.Build.0 = Debug|Any CPU
		{ECC0937C-7AD7-4EE0-BCA7-C9B522862EEC}.Release|Any CPU.ActiveCfg = Release|Any CPU
		{ECC0937C-7AD7-4EE0-BCA7-C9B522862EEC}.Release|Any CPU.Build.0 = Release|Any CPU
	EndGlobalSection
	GlobalSection(SolutionProperties) = preSolution
		HideSolutionNode = FALSE
	EndGlobalSection
	GlobalSection(ExtensibilityGlobals) = postSolution
		SolutionGuid = {8E1DFFA9-3C27-422D-976D-22C9BFF9F67F}
	EndGlobalSection
EndGlobal
